{
  "name": "mustdo",
  "version": "1.0.0",
  "lockfileVersion": 2,
  "requires": true,
  "packages": {
    "": {
      "name": "mustdo",
      "version": "1.0.0",
      "license": "ISC",
      "dependencies": {
        "your4": "^2.0.0"
      }
    },
    "node_modules/your4": {
      "version": "2.0.0",
      "resolved": "https://registry.npmjs.org/your4/-/your4-2.0.0.tgz",
      "integrity": "sha512-ONup9prYGGZyDgcP0TTZbEefjiwrgWo8FdwbeH6Xu2zX4wGI5oCLxMPSX/deJ4FR4c9JgfuTqjVmSdcB7T7OBw=="
    }
  },
  "dependencies": {
    "your4": {
      "version": "2.0.0",
      "resolved": "https://registry.npmjs.org/your4/-/your4-2.0.0.tgz",
      "integrity": "sha512-ONup9prYGGZyDgcP0TTZbEefjiwrgWo8FdwbeH6Xu2zX4wGI5oCLxMPSX/deJ4FR4c9JgfuTqjVmSdcB7T7OBw=="
    }
  }
}
